// !$*UTF8*$!
{
	archiveVersion = 1;
	classes = {
	};
	objectVersion = 46;
	objects = {

/* Begin PBXBuildFile section */
		38A9ABED1D19ABCB00351F02 /* AppDelegate.swift in Sources */ = {isa = PBXBuildFile; fileRef = 38A9ABEC1D19ABCB00351F02 /* AppDelegate.swift */; };
		38A9ABEF1D19ABCB00351F02 /* ViewController.swift in Sources */ = {isa = PBXBuildFile; fileRef = 38A9ABEE1D19ABCB00351F02 /* ViewController.swift */; };
		38A9ABF21D19ABCB00351F02 /* Main.storyboard in Resources */ = {isa = PBXBuildFile; fileRef = 38A9ABF01D19ABCB00351F02 /* Main.storyboard */; };
		38A9ABF41D19ABCB00351F02 /* Assets.xcassets in Resources */ = {isa = PBXBuildFile; fileRef = 38A9ABF31D19ABCB00351F02 /* Assets.xcassets */; };
		38A9ABF71D19ABCB00351F02 /* LaunchScreen.storyboard in Resources */ = {isa = PBXBuildFile; fileRef = 38A9ABF51D19ABCB00351F02 /* LaunchScreen.storyboard */; };
/* End PBXBuildFile section */

/* Begin PBXFileReference section */
		38A9ABE91D19ABCB00351F02 /* parseChat.app */ = {isa = PBXFileReference; explicitFileType = wrapper.application; includeInIndex = 0; path = parseChat.app; sourceTree = BUILT_PRODUCTS_DIR; };
		38A9ABEC1D19ABCB00351F02 /* AppDelegate.swift */ = {isa = PBXFileReference; lastKnownFileType = sourcecode.swift; path = AppDelegate.swift; sourceTree = "<group>"; };
		38A9ABEE1D19ABCB00351F02 /* ViewController.swift */ = {isa = PBXFileReference; lastKnownFileType = sourcecode.swift; path = ViewController.swift; sourceTree = "<group>"; };
		38A9ABF11D19ABCB00351F02 /* Base */ = {isa = PBXFileReference; lastKnownFileType = file.storyboard; name = Base; path = Base.lproj/Main.storyboard; sourceTree = "<group>"; };
		38A9ABF31D19ABCB00351F02 /* Assets.xcassets */ = {isa = PBXFileReference; lastKnownFileType = folder.assetcatalog; path = Assets.xcassets; sourceTree = "<group>"; };
		38A9ABF61D19ABCB00351F02 /* Base */ = {isa = PBXFileReference; lastKnownFileType = file.storyboard; name = Base; path = Base.lproj/LaunchScreen.storyboard; sourceTree = "<group>"; };
		38A9ABF81D19ABCB00351F02 /* Info.plist */ = {isa = PBXFileReference; lastKnownFileType = text.plist.xml; path = Info.plist; sourceTree = "<group>"; };
/* End PBXFileReference section */

/* Begin PBXFrameworksBuildPhase section */
		38A9ABE61D19ABCB00351F02 /* Frameworks */ = {
			isa = PBXFrameworksBuildPhase;
			buildActionMask = 2147483647;
			files = (
			);
			runOnlyForDeploymentPostprocessing = 0;
		};
/* End PBXFrameworksBuildPhase section */

/* Begin PBXGroup section */
		38A9ABE01D19ABCB00351F02 = {
			isa = PBXGroup;
			children = (
				38A9ABEB1D19ABCB00351F02 /* parseChat */,
				38A9ABEA1D19ABCB00351F02 /* Products */,
			);
			sourceTree = "<group>";
		};
		38A9ABEA1D19ABCB00351F02 /* Products */ = {
			isa = PBXGroup;
			children = (
				38A9ABE91D19ABCB00351F02 /* parseChat.app */,
			);
			name = Products;
			sourceTree = "<group>";
		};
		38A9ABEB1D19ABCB00351F02 /* parseChat */ = {
			isa = PBXGroup;
			children = (
				38A9ABEC1D19ABCB00351F02 /* AppDelegate.swift */,
				38A9ABEE1D19ABCB00351F02 /* ViewController.swift */,
				38A9ABF01D19ABCB00351F02 /* Main.storyboard */,
				38A9ABF31D19ABCB00351F02 /* Assets.xcassets */,
				38A9ABF51D19ABCB00351F02 /* LaunchScreen.storyboard */,
				38A9ABF81D19ABCB00351F02 /* Info.plist */,
			);
			path = parseChat;
			sourceTree = "<group>";
		};
/* End PBXGroup section */

/* Begin PBXNativeTarget section */
		38A9ABE81D19ABCB00351F02 /* parseChat */ = {
			isa = PBXNativeTarget;
			buildConfigurationList = 38A9ABFB1D19ABCB00351F02 /* Build configuration list for PBXNativeTarget "parseChat" */;
			buildPhases = (
				38A9ABE51D19ABCB00351F02 /* Sources */,
				38A9ABE61D19ABCB00351F02 /* Frameworks */,
				38A9ABE71D19ABCB00351F02 /* Resources */,
			);
			buildRules = (
			);
			dependencies = (
			);
			name = parseChat;
			productName = parseChat;
			productReference = 38A9ABE91D19ABCB00351F02 /* parseChat.app */;
			productType = "com.apple.product-type.application";
		};
/* End PBXNativeTarget section */

/* Begin PBXProject section */
		38A9ABE11D19ABCB00351F02 /* Project object */ = {
			isa = PBXProject;
			attributes = {
				LastSwiftUpdateCheck = 0730;
				LastUpgradeCheck = 0730;
				ORGANIZATIONNAME = "Andrés Arbeláez";
				TargetAttributes = {
					38A9ABE81D19ABCB00351F02 = {
						CreatedOnToolsVersion = 7.3.1;
					};
				};
			};
			buildConfigurationList = 38A9ABE41D19ABCB00351F02 /* Build configuration list for PBXProject "parseChat" */;
			compatibilityVersion = "Xcode 3.2";
			developmentRegion = English;
			hasScannedForEncodings = 0;
			knownRegions = (
				en,
				Base,
			);
			mainGroup = 38A9ABE01D19ABCB00351F02;
			productRefGroup = 38A9ABEA1D19ABCB00351F02 /* Products */;
			projectDirPath = "";
			projectRoot = "";
			targets = (
				38A9ABE81D19ABCB00351F02 /* parseChat */,
			);
		};
/* End PBXProject section */

/* Begin PBXResourcesBuildPhase section */
		38A9ABE71D19ABCB00351F02 /* Resources */ = {
			isa = PBXResourcesBuildPhase;
			buildActionMask = 2147483647;
			files = (
				38A9ABF71D19ABCB00351F02 /* LaunchScreen.storyboard in Resources */,
				38A9ABF41D19ABCB00351F02 /* Assets.xcassets in Resources */,
				38A9ABF21D19ABCB00351F02 /* Main.storyboard in Resources */,
			);
			runOnlyForDeploymentPostprocessing = 0;
		};
/* End PBXResourcesBuildPhase section */

/* Begin PBXSourcesBuildPhase section */
		38A9ABE51D19ABCB00351F02 /* Sources */ = {
			isa = PBXSourcesBuildPhase;
			buildActionMask = 2147483647;
			files = (
				38A9ABEF1D19ABCB00351F02 /* ViewController.swift in Sources */,
				38A9ABED1D19ABCB00351F02 /* AppDelegate.swift in Sources */,
			);
			runOnlyForDeploymentPostprocessing = 0;
		};
/* End PBXSourcesBuildPhase section */

/* Begin PBXVariantGroup section */
		38A9ABF01D19ABCB00351F02 /* Main.storyboard */ = {
			isa = PBXVariantGroup;
			children = (
				38A9ABF11D19ABCB00351F02 /* Base */,
			);
			name = Main.storyboard;
			sourceTree = "<group>";
		};
		38A9ABF51D19ABCB00351F02 /* LaunchScreen.storyboard */ = {
			isa = PBXVariantGroup;
			children = (
				38A9ABF61D19ABCB00351F02 /* Base */,
			);
			name = LaunchScreen.storyboard;
			sourceTree = "<group>";
		};
/* End PBXVariantGroup section */

/* Begin XCBuildConfiguration section */
		38A9ABF91D19ABCB00351F02 /* Debug */ = {
			isa = XCBuildConfiguration;
			buildSettings = {
				ALWAYS_SEARCH_USER_PATHS = NO;
				CLANG_ANALYZER_NONNULL = YES;
				CLANG_CXX_LANGUAGE_STANDARD = "gnu++0x";
				CLANG_CXX_LIBRARY = "libc++";
				CLANG_ENABLE_MODULES = YES;
				CLANG_ENABLE_OBJC_ARC = YES;
				CLANG_WARN_BOOL_CONVERSION = YES;
				CLANG_WARN_CONSTANT_CONVERSION = YES;
				CLANG_WARN_DIRECT_OBJC_ISA_USAGE = YES_ERROR;
				CLANG_WARN_EMPTY_BODY = YES;
				CLANG_WARN_ENUM_CONVERSION = YES;
				CLANG_WARN_INT_CONVERSION = YES;
				CLANG_WARN_OBJC_ROOT_CLASS = YES_ERROR;
				CLANG_WARN_UNREACHABLE_CODE = YES;
				CLANG_WARN__DUPLICATE_METHOD_MATCH = YES;
				"CODE_SIGN_IDENTITY[sdk=iphoneos*]" = "iPhone Developer";
				COPY_PHASE_STRIP = NO;
				DEBUG_INFORMATION_FORMAT = dwarf;
				ENABLE_STRICT_OBJC_MSGSEND = YES;
				ENABLE_TESTABILITY = YES;
				GCC_C_LANGUAGE_STANDARD = gnu99;
				GCC_DYNAMIC_NO_PIC = NO;
				GCC_NO_COMMON_BLOCKS = YES;
				GCC_OPTIMIZATION_LEVEL = 0;
				GCC_PREPROCESSOR_DEFINITIONS = (
					"DEBUG=1",
					"$(inherited)",
				);
				GCC_WARN_64_TO_32_BIT_CONVERSION = YES;
				GCC_WARN_ABOUT_RETURN_TYPE = YES_ERROR;
				GCC_WARN_UNDECLARED_SELECTOR = YES;
				GCC_WARN_UNINITIALIZED_AUTOS = YES_AGGRESSIVE;
				GCC_WARN_UNUSED_FUNCTION = YES;
				GCC_WARN_UNUSED_VARIABLE = YES;
				IPHONEOS_DEPLOYMENT_TARGET = 9.3;
				MTL_ENABLE_DEBUG_INFO = YES;
				ONLY_ACTIVE_ARCH = YES;
				SDKROOT = iphoneos;
				SWIFT_OPTIMIZATION_LEVEL = "-Onone";
			};
			name = Debug;
		};
		38A9ABFA1D19ABCB00351F02 /* Release */ = {
			isa = XCBuildConfiguration;
			buildSettings = {
				ALWAYS_SEARCH_USER_PATHS = NO;
				CLANG_ANALYZER_NONNULL = YES;
				CLANG_CXX_LANGUAGE_STANDARD = "gnu++0x";
				CLANG_CXX_LIBRARY = "libc++";
				CLANG_ENABLE_MODULES = YES;
				CLANG_ENABLE_OBJC_ARC = YES;
				CLANG_WARN_BOOL_CONVERSION = YES;
				CLANG_WARN_CONSTANT_CONVERSION = YES;
				CLANG_WARN_DIRECT_OBJC_ISA_USAGE = YES_ERROR;
				CLANG_WARN_EMPTY_BODY = YES;
				CLANG_WARN_ENUM_CONVERSION = YES;
				CLANG_WARN_INT_CONVERSION = YES;
				CLANG_WARN_OBJC_ROOT_CLASS = YES_ERROR;
				CLANG_WARN_UNREACHABLE_CODE = YES;
				CLANG_WARN__DUPLICATE_METHOD_MATCH = YES;
				"CODE_SIGN_IDENTITY[sdk=iphoneos*]" = "iPhone Developer";
				COPY_PHASE_STRIP = NO;
				DEBUG_INFORMATION_FORMAT = "dwarf-with-dsym";
				ENABLE_NS_ASSERTIONS = NO;
				ENABLE_STRICT_OBJC_MSGSEND = YES;
				GCC_C_LANGUAGE_STANDARD = gnu99;
				GCC_NO_COMMON_BLOCKS = YES;
				GCC_WARN_64_TO_32_BIT_CONVERSION = YES;
				GCC_WARN_ABOUT_RETURN_TYPE = YES_ERROR;
				GCC_WARN_UNDECLARED_SELECTOR = YES;
				GCC_WARN_UNINITIALIZED_AUTOS = YES_AGGRESSIVE;
				GCC_WARN_UNUSED_FUNCTION = YES;
				GCC_WARN_UNUSED_VARIABLE = YES;
				IPHONEOS_DEPLOYMENT_TARGET = 9.3;
				MTL_ENABLE_DEBUG_INFO = NO;
				SDKROOT = iphoneos;
				VALIDATE_PRODUCT = YES;
			};
			name = Release;
		};
		38A9ABFC1D19ABCB00351F02 /* Debug */ = {
			isa = XCBuildConfiguration;
			buildSettings = {
				ASSETCATALOG_COMPILER_APPICON_NAME = AppIcon;
				INFOPLIST_FILE = parseChat/Info.plist;
				LD_RUNPATH_SEARCH_PATHS = "$(inherited) @executable_path/Frameworks";
				PRODUCT_BUNDLE_IDENTIFIER = dres.parseChat;
				PRODUCT_NAME = "$(TARGET_NAME)";
			};
			name = Debug;
		};
		38A9ABFD1D19ABCB00351F02 /* Release */ = {
			isa = XCBuildConfiguration;
			buildSettings = {
				ASSETCATALOG_COMPILER_APPICON_NAME = AppIcon;
				INFOPLIST_FILE = parseChat/Info.plist;
				LD_RUNPATH_SEARCH_PATHS = "$(inherited) @executable_path/Frameworks";
				PRODUCT_BUNDLE_IDENTIFIER = dres.parseChat;
				PRODUCT_NAME = "$(TARGET_NAME)";
			};
			name = Release;
		};
/* End XCBuildConfiguration section */

/* Begin XCConfigurationList section */
		38A9ABE41D19ABCB00351F02 /* Build configuration list for PBXProject "parseChat" */ = {
			isa = XCConfigurationList;
			buildConfigurations = (
				38A9ABF91D19ABCB00351F02 /* Debug */,
				38A9ABFA1D19ABCB00351F02 /* Release */,
			);
			defaultConfigurationIsVisible = 0;
			defaultConfigurationName = Release;
		};
		38A9ABFB1D19ABCB00351F02 /* Build configuration list for PBXNativeTarget "parseChat" */ = {
			isa = XCConfigurationList;
			buildConfigurations = (
				38A9ABFC1D19ABCB00351F02 /* Debug */,
				38A9ABFD1D19ABCB00351F02 /* Release */,
			);
			defaultConfigurationIsVisible = 0;
		};
/* End XCConfigurationList section */
	};
	rootObject = 38A9ABE11D19ABCB00351F02 /* Project object */;
}
